// !$*UTF8*$!
{
	archiveVersion = 1;
	classes = {
	};
	objectVersion = 46;
	objects = {

/* Begin PBXBuildFile section */
		5C49E9221BB7F04D005A86DF /* main.m in Sources */ = {isa = PBXBuildFile; fileRef = 5C49E9211BB7F04D005A86DF /* main.m */; };
		5C49E9251BB7F04D005A86DF /* AppDelegate.m in Sources */ = {isa = PBXBuildFile; fileRef = 5C49E9241BB7F04D005A86DF /* AppDelegate.m */; };
		5C49E9281BB7F04D005A86DF /* ViewController.m in Sources */ = {isa = PBXBuildFile; fileRef = 5C49E9271BB7F04D005A86DF /* ViewController.m */; };
		5C49E92B1BB7F04D005A86DF /* Main.storyboard in Resources */ = {isa = PBXBuildFile; fileRef = 5C49E9291BB7F04D005A86DF /* Main.storyboard */; };
		5C49E92D1BB7F04D005A86DF /* Images.xcassets in Resources */ = {isa = PBXBuildFile; fileRef = 5C49E92C1BB7F04D005A86DF /* Images.xcassets */; };
		5C49E9301BB7F04D005A86DF /* LaunchScreen.xib in Resources */ = {isa = PBXBuildFile; fileRef = 5C49E92E1BB7F04D005A86DF /* LaunchScreen.xib */; };
		5C49E93C1BB7F04D005A86DF /* YlwlBeaconDemoTests.m in Sources */ = {isa = PBXBuildFile; fileRef = 5C49E93B1BB7F04D005A86DF /* YlwlBeaconDemoTests.m */; };
		5CB2EFED1CBCAF7D00414425 /* libYunliwuliBeaconKit.a in Frameworks */ = {isa = PBXBuildFile; fileRef = 5CB2EFEC1CBCAF7D00414425 /* libYunliwuliBeaconKit.a */; };
/* End PBXBuildFile section */

/* Begin PBXContainerItemProxy section */
		5C49E9361BB7F04D005A86DF /* PBXContainerItemProxy */ = {
			isa = PBXContainerItemProxy;
			containerPortal = 5C49E9141BB7F04D005A86DF /* Project object */;
			proxyType = 1;
			remoteGlobalIDString = 5C49E91B1BB7F04D005A86DF;
			remoteInfo = YlwlBeaconDemo;
		};
/* End PBXContainerItemProxy section */

/* Begin PBXFileReference section */
		5C49E91C1BB7F04D005A86DF /* YlwlBeaconDemo.app */ = {isa = PBXFileReference; explicitFileType = wrapper.application; includeInIndex = 0; path = YlwlBeaconDemo.app; sourceTree = BUILT_PRODUCTS_DIR; };
		5C49E9201BB7F04D005A86DF /* Info.plist */ = {isa = PBXFileReference; lastKnownFileType = text.plist.xml; path = Info.plist; sourceTree = "<group>"; };
		5C49E9211BB7F04D005A86DF /* main.m */ = {isa = PBXFileReference; lastKnownFileType = sourcecode.c.objc; path = main.m; sourceTree = "<group>"; };
		5C49E9231BB7F04D005A86DF /* AppDelegate.h */ = {isa = PBXFileReference; lastKnownFileType = sourcecode.c.h; path = AppDelegate.h; sourceTree = "<group>"; };
		5C49E9241BB7F04D005A86DF /* AppDelegate.m */ = {isa = PBXFileReference; lastKnownFileType = sourcecode.c.objc; path = AppDelegate.m; sourceTree = "<group>"; };
		5C49E9261BB7F04D005A86DF /* ViewController.h */ = {isa = PBXFileReference; lastKnownFileType = sourcecode.c.h; path = ViewController.h; sourceTree = "<group>"; };
		5C49E9271BB7F04D005A86DF /* ViewController.m */ = {isa = PBXFileReference; lastKnownFileType = sourcecode.c.objc; path = ViewController.m; sourceTree = "<group>"; };
		5C49E92A1BB7F04D005A86DF /* Base */ = {isa = PBXFileReference; lastKnownFileType = file.storyboard; name = Base; path = Base.lproj/Main.storyboard; sourceTree = "<group>"; };
		5C49E92C1BB7F04D005A86DF /* Images.xcassets */ = {isa = PBXFileReference; lastKnownFileType = folder.assetcatalog; path = Images.xcassets; sourceTree = "<group>"; };
		5C49E92F1BB7F04D005A86DF /* Base */ = {isa = PBXFileReference; lastKnownFileType = file.xib; name = Base; path = Base.lproj/LaunchScreen.xib; sourceTree = "<group>"; };
		5C49E9351BB7F04D005A86DF /* YlwlBeaconDemoTests.xctest */ = {isa = PBXFileReference; explicitFileType = wrapper.cfbundle; includeInIndex = 0; path = YlwlBeaconDemoTests.xctest; sourceTree = BUILT_PRODUCTS_DIR; };
		5C49E93A1BB7F04D005A86DF /* Info.plist */ = {isa = PBXFileReference; lastKnownFileType = text.plist.xml; path = Info.plist; sourceTree = "<group>"; };
		5C49E93B1BB7F04D005A86DF /* YlwlBeaconDemoTests.m */ = {isa = PBXFileReference; lastKnownFileType = sourcecode.c.objc; path = YlwlBeaconDemoTests.m; sourceTree = "<group>"; };
		5CB2EFE71CBCA9AC00414425 /* YlwlBeacon.h */ = {isa = PBXFileReference; fileEncoding = 4; lastKnownFileType = sourcecode.c.h; path = YlwlBeacon.h; sourceTree = "<group>"; };
		5CB2EFE81CBCA9AC00414425 /* YlwlBeaconID.h */ = {isa = PBXFileReference; fileEncoding = 4; lastKnownFileType = sourcecode.c.h; path = YlwlBeaconID.h; sourceTree = "<group>"; };
		5CB2EFE91CBCA9AC00414425 /* YlwlBeaconManager.h */ = {isa = PBXFileReference; fileEncoding = 4; lastKnownFileType = sourcecode.c.h; path = YlwlBeaconManager.h; sourceTree = "<group>"; };
		5CB2EFEA1CBCA9AC00414425 /* YlwlConstants.h */ = {isa = PBXFileReference; fileEncoding = 4; lastKnownFileType = sourcecode.c.h; path = YlwlConstants.h; sourceTree = "<group>"; };
		5CB2EFEC1CBCAF7D00414425 /* libYunliwuliBeaconKit.a */ = {isa = PBXFileReference; lastKnownFileType = archive.ar; path = libYunliwuliBeaconKit.a; sourceTree = "<group>"; };
/* End PBXFileReference section */

/* Begin PBXFrameworksBuildPhase section */
		5C49E9191BB7F04D005A86DF /* Frameworks */ = {
			isa = PBXFrameworksBuildPhase;
			buildActionMask = 2147483647;
			files = (
				5CB2EFED1CBCAF7D00414425 /* libYunliwuliBeaconKit.a in Frameworks */,
			);
			runOnlyForDeploymentPostprocessing = 0;
		};
		5C49E9321BB7F04D005A86DF /* Frameworks */ = {
			isa = PBXFrameworksBuildPhase;
			buildActionMask = 2147483647;
			files = (
			);
			runOnlyForDeploymentPostprocessing = 0;
		};
/* End PBXFrameworksBuildPhase section */

/* Begin PBXGroup section */
		5C49E9131BB7F04D005A86DF = {
			isa = PBXGroup;
			children = (
				5C49E91E1BB7F04D005A86DF /* YlwlBeaconDemo */,
				5C49E9381BB7F04D005A86DF /* YlwlBeaconDemoTests */,
				5C49E91D1BB7F04D005A86DF /* Products */,
			);
			sourceTree = "<group>";
		};
		5C49E91D1BB7F04D005A86DF /* Products */ = {
			isa = PBXGroup;
			children = (
				5C49E91C1BB7F04D005A86DF /* YlwlBeaconDemo.app */,
				5C49E9351BB7F04D005A86DF /* YlwlBeaconDemoTests.xctest */,
			);
			name = Products;
			sourceTree = "<group>";
		};
		5C49E91E1BB7F04D005A86DF /* YlwlBeaconDemo */ = {
			isa = PBXGroup;
			children = (
				5CB2EFE51CBCA9AC00414425 /* libYunliwuliBeaconKit */,
				5C49E9231BB7F04D005A86DF /* AppDelegate.h */,
				5C49E9241BB7F04D005A86DF /* AppDelegate.m */,
				5C49E9261BB7F04D005A86DF /* ViewController.h */,
				5C49E9271BB7F04D005A86DF /* ViewController.m */,
				5C49E9291BB7F04D005A86DF /* Main.storyboard */,
				5C49E92C1BB7F04D005A86DF /* Images.xcassets */,
				5C49E92E1BB7F04D005A86DF /* LaunchScreen.xib */,
				5C49E91F1BB7F04D005A86DF /* Supporting Files */,
			);
			path = YlwlBeaconDemo;
			sourceTree = "<group>";
		};
		5C49E91F1BB7F04D005A86DF /* Supporting Files */ = {
			isa = PBXGroup;
			children = (
				5C49E9201BB7F04D005A86DF /* Info.plist */,
				5C49E9211BB7F04D005A86DF /* main.m */,
			);
			name = "Supporting Files";
			sourceTree = "<group>";
		};
		5C49E9381BB7F04D005A86DF /* YlwlBeaconDemoTests */ = {
			isa = PBXGroup;
			children = (
				5C49E93B1BB7F04D005A86DF /* YlwlBeaconDemoTests.m */,
				5C49E9391BB7F04D005A86DF /* Supporting Files */,
			);
			path = YlwlBeaconDemoTests;
			sourceTree = "<group>";
		};
		5C49E9391BB7F04D005A86DF /* Supporting Files */ = {
			isa = PBXGroup;
			children = (
				5C49E93A1BB7F04D005A86DF /* Info.plist */,
			);
			name = "Supporting Files";
			sourceTree = "<group>";
		};
		5CB2EFE51CBCA9AC00414425 /* libYunliwuliBeaconKit */ = {
			isa = PBXGroup;
			children = (
				5CB2EFEC1CBCAF7D00414425 /* libYunliwuliBeaconKit.a */,
				5CB2EFE71CBCA9AC00414425 /* YlwlBeacon.h */,
				5CB2EFE81CBCA9AC00414425 /* YlwlBeaconID.h */,
				5CB2EFE91CBCA9AC00414425 /* YlwlBeaconManager.h */,
				5CB2EFEA1CBCA9AC00414425 /* YlwlConstants.h */,
			);
			path = libYunliwuliBeaconKit;
			sourceTree = "<group>";
		};
/* End PBXGroup section */

/* Begin PBXNativeTarget section */
		5C49E91B1BB7F04D005A86DF /* YlwlBeaconDemo */ = {
			isa = PBXNativeTarget;
			buildConfigurationList = 5C49E93F1BB7F04D005A86DF /* Build configuration list for PBXNativeTarget "YlwlBeaconDemo" */;
			buildPhases = (
				5C49E9181BB7F04D005A86DF /* Sources */,
				5C49E9191BB7F04D005A86DF /* Frameworks */,
				5C49E91A1BB7F04D005A86DF /* Resources */,
			);
			buildRules = (
			);
			dependencies = (
			);
			name = YlwlBeaconDemo;
			productName = YlwlBeaconDemo;
			productReference = 5C49E91C1BB7F04D005A86DF /* YlwlBeaconDemo.app */;
			productType = "com.apple.product-type.application";
		};
		5C49E9341BB7F04D005A86DF /* YlwlBeaconDemoTests */ = {
			isa = PBXNativeTarget;
			buildConfigurationList = 5C49E9421BB7F04D005A86DF /* Build configuration list for PBXNativeTarget "YlwlBeaconDemoTests" */;
			buildPhases = (
				5C49E9311BB7F04D005A86DF /* Sources */,
				5C49E9321BB7F04D005A86DF /* Frameworks */,
				5C49E9331BB7F04D005A86DF /* Resources */,
			);
			buildRules = (
			);
			dependencies = (
				5C49E9371BB7F04D005A86DF /* PBXTargetDependency */,
			);
			name = YlwlBeaconDemoTests;
			productName = YlwlBeaconDemoTests;
			productReference = 5C49E9351BB7F04D005A86DF /* YlwlBeaconDemoTests.xctest */;
			productType = "com.apple.product-type.bundle.unit-test";
		};
/* End PBXNativeTarget section */

/* Begin PBXProject section */
		5C49E9141BB7F04D005A86DF /* Project object */ = {
			isa = PBXProject;
			attributes = {
				LastUpgradeCheck = 0630;
				ORGANIZATIONNAME = com.YLWL;
				TargetAttributes = {
					5C49E91B1BB7F04D005A86DF = {
						CreatedOnToolsVersion = 6.3.2;
					};
					5C49E9341BB7F04D005A86DF = {
						CreatedOnToolsVersion = 6.3.2;
						TestTargetID = 5C49E91B1BB7F04D005A86DF;
					};
				};
			};
			buildConfigurationList = 5C49E9171BB7F04D005A86DF /* Build configuration list for PBXProject "YlwlBeaconDemo" */;
			compatibilityVersion = "Xcode 3.2";
			developmentRegion = English;
			hasScannedForEncodings = 0;
			knownRegions = (
				en,
				Base,
			);
			mainGroup = 5C49E9131BB7F04D005A86DF;
			productRefGroup = 5C49E91D1BB7F04D005A86DF /* Products */;
			projectDirPath = "";
			projectRoot = "";
			targets = (
				5C49E91B1BB7F04D005A86DF /* YlwlBeaconDemo */,
				5C49E9341BB7F04D005A86DF /* YlwlBeaconDemoTests */,
			);
		};
/* End PBXProject section */

/* Begin PBXResourcesBuildPhase section */
		5C49E91A1BB7F04D005A86DF /* Resources */ = {
			isa = PBXResourcesBuildPhase;
			buildActionMask = 2147483647;
			files = (
				5C49E92B1BB7F04D005A86DF /* Main.storyboard in Resources */,
				5C49E9301BB7F04D005A86DF /* LaunchScreen.xib in Resources */,
				5C49E92D1BB7F04D005A86DF /* Images.xcassets in Resources */,
			);
			runOnlyForDeploymentPostprocessing = 0;
		};
		5C49E9331BB7F04D005A86DF /* Resources */ = {
			isa = PBXResourcesBuildPhase;
			buildActionMask = 2147483647;
			files = (
			);
			runOnlyForDeploymentPostprocessing = 0;
		};
/* End PBXResourcesBuildPhase section */

/* Begin PBXSourcesBuildPhase section */
		5C49E9181BB7F04D005A86DF /* Sources */ = {
			isa = PBXSourcesBuildPhase;
			buildActionMask = 2147483647;
			files = (
				5C49E9281BB7F04D005A86DF /* ViewController.m in Sources */,
				5C49E9251BB7F04D005A86DF /* AppDelegate.m in Sources */,
				5C49E9221BB7F04D005A86DF /* main.m in Sources */,
			);
			runOnlyForDeploymentPostprocessing = 0;
		};
		5C49E9311BB7F04D005A86DF /* Sources */ = {
			isa = PBXSourcesBuildPhase;
			buildActionMask = 2147483647;
			files = (
				5C49E93C1BB7F04D005A86DF /* YlwlBeaconDemoTests.m in Sources */,
			);
			runOnlyForDeploymentPostprocessing = 0;
		};
/* End PBXSourcesBuildPhase section */

/* Begin PBXTargetDependency section */
		5C49E9371BB7F04D005A86DF /* PBXTargetDependency */ = {
			isa = PBXTargetDependency;
			target = 5C49E91B1BB7F04D005A86DF /* YlwlBeaconDemo */;
			targetProxy = 5C49E9361BB7F04D005A86DF /* PBXContainerItemProxy */;
		};
/* End PBXTargetDependency section */

/* Begin PBXVariantGroup section */
		5C49E9291BB7F04D005A86DF /* Main.storyboard */ = {
			isa = PBXVariantGroup;
			children = (
				5C49E92A1BB7F04D005A86DF /* Base */,
			);
			name = Main.storyboard;
			sourceTree = "<group>";
		};
		5C49E92E1BB7F04D005A86DF /* LaunchScreen.xib */ = {
			isa = PBXVariantGroup;
			children = (
				5C49E92F1BB7F04D005A86DF /* Base */,
			);
			name = LaunchScreen.xib;
			sourceTree = "<group>";
		};
/* End PBXVariantGroup section */

/* Begin XCBuildConfiguration section */
		5C49E93D1BB7F04D005A86DF /* Debug */ = {
			isa = XCBuildConfiguration;
			buildSettings = {
				ALWAYS_SEARCH_USER_PATHS = NO;
				CLANG_CXX_LANGUAGE_STANDARD = "gnu++0x";
				CLANG_CXX_LIBRARY = "libc++";
				CLANG_ENABLE_MODULES = YES;
				CLANG_ENABLE_OBJC_ARC = YES;
				CLANG_WARN_BOOL_CONVERSION = YES;
				CLANG_WARN_CONSTANT_CONVERSION = YES;
				CLANG_WARN_DIRECT_OBJC_ISA_USAGE = YES_ERROR;
				CLANG_WARN_EMPTY_BODY = YES;
				CLANG_WARN_ENUM_CONVERSION = YES;
				CLANG_WARN_INT_CONVERSION = YES;
				CLANG_WARN_OBJC_ROOT_CLASS = YES_ERROR;
				CLANG_WARN_UNREACHABLE_CODE = YES;
				CLANG_WARN__DUPLICATE_METHOD_MATCH = YES;
				"CODE_SIGN_IDENTITY[sdk=iphoneos*]" = "iPhone Developer";
				COPY_PHASE_STRIP = NO;
				DEBUG_INFORMATION_FORMAT = "dwarf-with-dsym";
				ENABLE_STRICT_OBJC_MSGSEND = YES;
				GCC_C_LANGUAGE_STANDARD = gnu99;
				GCC_DYNAMIC_NO_PIC = NO;
				GCC_NO_COMMON_BLOCKS = YES;
				GCC_OPTIMIZATION_LEVEL = 0;
				GCC_PREPROCESSOR_DEFINITIONS = (
					"DEBUG=1",
					"$(inherited)",
				);
				GCC_SYMBOLS_PRIVATE_EXTERN = NO;
				GCC_WARN_64_TO_32_BIT_CONVERSION = YES;
				GCC_WARN_ABOUT_RETURN_TYPE = YES_ERROR;
				GCC_WARN_UNDECLARED_SELECTOR = YES;
				GCC_WARN_UNINITIALIZED_AUTOS = YES_AGGRESSIVE;
				GCC_WARN_UNUSED_FUNCTION = YES;
				GCC_WARN_UNUSED_VARIABLE = YES;
				IPHONEOS_DEPLOYMENT_TARGET = 8.3;
				MTL_ENABLE_DEBUG_INFO = YES;
				ONLY_ACTIVE_ARCH = YES;
				SDKROOT = iphoneos;
			};
			name = Debug;
		};
		5C49E93E1BB7F04D005A86DF /* Release */ = {
			isa = XCBuildConfiguration;
			buildSettings = {
				ALWAYS_SEARCH_USER_PATHS = NO;
				CLANG_CXX_LANGUAGE_STANDARD = "gnu++0x";
				CLANG_CXX_LIBRARY = "libc++";
				CLANG_ENABLE_MODULES = YES;
				CLANG_ENABLE_OBJC_ARC = YES;
				CLANG_WARN_BOOL_CONVERSION = YES;
				CLANG_WARN_CONSTANT_CONVERSION = YES;
				CLANG_WARN_DIRECT_OBJC_ISA_USAGE = YES_ERROR;
				CLANG_WARN_EMPTY_BODY = YES;
				CLANG_WARN_ENUM_CONVERSION = YES;
				CLANG_WARN_INT_CONVERSION = YES;
				CLANG_WARN_OBJC_ROOT_CLASS = YES_ERROR;
				CLANG_WARN_UNREACHABLE_CODE = YES;
				CLANG_WARN__DUPLICATE_METHOD_MATCH = YES;
				"CODE_SIGN_IDENTITY[sdk=iphoneos*]" = "iPhone Developer";
				COPY_PHASE_STRIP = NO;
				DEBUG_INFORMATION_FORMAT = "dwarf-with-dsym";
				ENABLE_NS_ASSERTIONS = NO;
				ENABLE_STRICT_OBJC_MSGSEND = YES;
				GCC_C_LANGUAGE_STANDARD = gnu99;
				GCC_NO_COMMON_BLOCKS = YES;
				GCC_WARN_64_TO_32_BIT_CONVERSION = YES;
				GCC_WARN_ABOUT_RETURN_TYPE = YES_ERROR;
				GCC_WARN_UNDECLARED_SELECTOR = YES;
				GCC_WARN_UNINITIALIZED_AUTOS = YES_AGGRESSIVE;
				GCC_WARN_UNUSED_FUNCTION = YES;
				GCC_WARN_UNUSED_VARIABLE = YES;
				IPHONEOS_DEPLOYMENT_TARGET = 8.3;
				MTL_ENABLE_DEBUG_INFO = NO;
				SDKROOT = iphoneos;
				VALIDATE_PRODUCT = YES;
			};
			name = Release;
		};
		5C49E9401BB7F04D005A86DF /* Debug */ = {
			isa = XCBuildConfiguration;
			buildSettings = {
				ASSETCATALOG_COMPILER_APPICON_NAME = AppIcon;
				INFOPLIST_FILE = YlwlBeaconDemo/Info.plist;
				IPHONEOS_DEPLOYMENT_TARGET = 7.0;
				LD_RUNPATH_SEARCH_PATHS = "$(inherited) @executable_path/Frameworks";
				LIBRARY_SEARCH_PATHS = (
					"$(inherited)",
					"$(PROJECT_DIR)/YlwlBeaconDemo/libYunliwuliBeaconKit",
				);
				OTHER_LDFLAGS = "-ObjC";
				PRODUCT_NAME = "$(TARGET_NAME)";
			};
			name = Debug;
		};
		5C49E9411BB7F04D005A86DF /* Release */ = {
			isa = XCBuildConfiguration;
			buildSettings = {
				ASSETCATALOG_COMPILER_APPICON_NAME = AppIcon;
				INFOPLIST_FILE = YlwlBeaconDemo/Info.plist;
				IPHONEOS_DEPLOYMENT_TARGET = 7.0;
				LD_RUNPATH_SEARCH_PATHS = "$(inherited) @executable_path/Frameworks";
				LIBRARY_SEARCH_PATHS = (
					"$(inherited)",
					"$(PROJECT_DIR)/YlwlBeaconDemo/libYunliwuliBeaconKit",
				);
				OTHER_LDFLAGS = "-ObjC";
				PRODUCT_NAME = "$(TARGET_NAME)";
			};
			name = Release;
		};
		5C49E9431BB7F04D005A86DF /* Debug */ = {
			isa = XCBuildConfiguration;
			buildSettings = {
				BUNDLE_LOADER = "$(TEST_HOST)";
				FRAMEWORK_SEARCH_PATHS = (
					"$(SDKROOT)/Developer/Library/Frameworks",
					"$(inherited)",
				);
				GCC_PREPROCESSOR_DEFINITIONS = (
					"DEBUG=1",
					"$(inherited)",
				);
				INFOPLIST_FILE = YlwlBeaconDemoTests/Info.plist;
				LD_RUNPATH_SEARCH_PATHS = "$(inherited) @executable_path/Frameworks @loader_path/Frameworks";
				PRODUCT_NAME = "$(TARGET_NAME)";
				TEST_HOST = "$(BUILT_PRODUCTS_DIR)/YlwlBeaconDemo.app/YlwlBeaconDemo";
			};
			name = Debug;
		};
		5C49E9441BB7F04D005A86DF /* Release */ = {
			isa = XCBuildConfiguration;
			buildSettings = {
				BUNDLE_LOADER = "$(TEST_HOST)";
				FRAMEWORK_SEARCH_PATHS = (
					"$(SDKROOT)/Developer/Library/Frameworks",
					"$(inherited)",
				);
				INFOPLIST_FILE = YlwlBeaconDemoTests/Info.plist;
				LD_RUNPATH_SEARCH_PATHS = "$(inherited) @executable_path/Frameworks @loader_path/Frameworks";
				PRODUCT_NAME = "$(TARGET_NAME)";
				TEST_HOST = "$(BUILT_PRODUCTS_DIR)/YlwlBeaconDemo.app/YlwlBeaconDemo";
			};
			name = Release;
		};
/* End XCBuildConfiguration section */

/* Begin XCConfigurationList section */
		5C49E9171BB7F04D005A86DF /* Build configuration list for PBXProject "YlwlBeaconDemo" */ = {
			isa = XCConfigurationList;
			buildConfigurations = (
				5C49E93D1BB7F04D005A86DF /* Debug */,
				5C49E93E1BB7F04D005A86DF /* Release */,
			);
			defaultConfigurationIsVisible = 0;
			defaultConfigurationName = Release;
		};
		5C49E93F1BB7F04D005A86DF /* Build configuration list for PBXNativeTarget "YlwlBeaconDemo" */ = {
			isa = XCConfigurationList;
			buildConfigurations = (
				5C49E9401BB7F04D005A86DF /* Debug */,
				5C49E9411BB7F04D005A86DF /* Release */,
			);
			defaultConfigurationIsVisible = 0;
			defaultConfigurationName = Release;
		};
		5C49E9421BB7F04D005A86DF /* Build configuration list for PBXNativeTarget "YlwlBeaconDemoTests" */ = {
			isa = XCConfigurationList;
			buildConfigurations = (
				5C49E9431BB7F04D005A86DF /* Debug */,
				5C49E9441BB7F04D005A86DF /* Release */,
			);
			defaultConfigurationIsVisible = 0;
			defaultConfigurationName = Release;
		};
/* End XCConfigurationList section */
	};
	rootObject = 5C49E9141BB7F04D005A86DF /* Project object */;
}
